// !$*UTF8*$!
{
	archiveVersion = 1;
	classes = {
	};
	objectVersion = 46;
	objects = {

/* Begin PBXBuildFile section */
		3CCBC77B1968BD962A7B4A6A /* Pods_Tuner.framework in Frameworks */ = {isa = PBXBuildFile; fileRef = AEBA92E83430C45699F5D227 /* Pods_Tuner.framework */; };
		A0597DBC1E5B977C005B23DD /* TunerKit.framework in Frameworks */ = {isa = PBXBuildFile; fileRef = A0597DBB1E5B977C005B23DD /* TunerKit.framework */; };
		A0597DBD1E5B977C005B23DD /* TunerKit.framework in Embed Frameworks */ = {isa = PBXBuildFile; fileRef = A0597DBB1E5B977C005B23DD /* TunerKit.framework */; settings = {ATTRIBUTES = (CodeSignOnCopy, RemoveHeadersOnCopy, ); }; };
		A06FF11A1E621F06000B1A71 /* VUMeterView.swift in Sources */ = {isa = PBXBuildFile; fileRef = A06FF1191E621F06000B1A71 /* VUMeterView.swift */; };
		A06FF11C1E647F36000B1A71 /* VUMeterViewSpec.swift in Sources */ = {isa = PBXBuildFile; fileRef = A06FF11B1E647F36000B1A71 /* VUMeterViewSpec.swift */; };
		A075FD5D1E4F8DA300EE508D /* AppDelegate.swift in Sources */ = {isa = PBXBuildFile; fileRef = A075FD5C1E4F8DA300EE508D /* AppDelegate.swift */; };
		A075FD5F1E4F8DA300EE508D /* ViewController.swift in Sources */ = {isa = PBXBuildFile; fileRef = A075FD5E1E4F8DA300EE508D /* ViewController.swift */; };
		A075FD641E4F8DA300EE508D /* Assets.xcassets in Resources */ = {isa = PBXBuildFile; fileRef = A075FD631E4F8DA300EE508D /* Assets.xcassets */; };
		A075FD671E4F8DA300EE508D /* LaunchScreen.storyboard in Resources */ = {isa = PBXBuildFile; fileRef = A075FD651E4F8DA300EE508D /* LaunchScreen.storyboard */; };
		D9ED708E4DA9C6A5FD9B2034 /* Pods_TunerTests.framework in Frameworks */ = {isa = PBXBuildFile; fileRef = FF7894718B0F0571DB4C1EE3 /* Pods_TunerTests.framework */; };
/* End PBXBuildFile section */

/* Begin PBXContainerItemProxy section */
		A075FD6E1E4F8DA300EE508D /* PBXContainerItemProxy */ = {
			isa = PBXContainerItemProxy;
			containerPortal = A075FD511E4F8DA300EE508D /* Project object */;
			proxyType = 1;
			remoteGlobalIDString = A075FD581E4F8DA300EE508D;
			remoteInfo = Tuner;
		};
/* End PBXContainerItemProxy section */

/* Begin PBXCopyFilesBuildPhase section */
		A0597DBE1E5B977C005B23DD /* Embed Frameworks */ = {
			isa = PBXCopyFilesBuildPhase;
			buildActionMask = 2147483647;
			dstPath = "";
			dstSubfolderSpec = 10;
			files = (
				A0597DBD1E5B977C005B23DD /* TunerKit.framework in Embed Frameworks */,
			);
			name = "Embed Frameworks";
			runOnlyForDeploymentPostprocessing = 0;
		};
/* End PBXCopyFilesBuildPhase section */

/* Begin PBXFileReference section */
		15935F64C2E1FDAD6A6039A1 /* Pods-Tuner.debug.xcconfig */ = {isa = PBXFileReference; includeInIndex = 1; lastKnownFileType = text.xcconfig; name = "Pods-Tuner.debug.xcconfig"; path = "Pods/Target Support Files/Pods-Tuner/Pods-Tuner.debug.xcconfig"; sourceTree = "<group>"; };
		49ABF41334D00A40848454CC /* Pods-TunerTests.debug.xcconfig */ = {isa = PBXFileReference; includeInIndex = 1; lastKnownFileType = text.xcconfig; name = "Pods-TunerTests.debug.xcconfig"; path = "Pods/Target Support Files/Pods-TunerTests/Pods-TunerTests.debug.xcconfig"; sourceTree = "<group>"; };
		994E68D0B56BEB93F193C350 /* Pods-TunerTests.release.xcconfig */ = {isa = PBXFileReference; includeInIndex = 1; lastKnownFileType = text.xcconfig; name = "Pods-TunerTests.release.xcconfig"; path = "Pods/Target Support Files/Pods-TunerTests/Pods-TunerTests.release.xcconfig"; sourceTree = "<group>"; };
		A0597DBB1E5B977C005B23DD /* TunerKit.framework */ = {isa = PBXFileReference; explicitFileType = wrapper.framework; path = TunerKit.framework; sourceTree = BUILT_PRODUCTS_DIR; };
		A06FF1191E621F06000B1A71 /* VUMeterView.swift */ = {isa = PBXFileReference; fileEncoding = 4; lastKnownFileType = sourcecode.swift; path = VUMeterView.swift; sourceTree = "<group>"; };
		A06FF11B1E647F36000B1A71 /* VUMeterViewSpec.swift */ = {isa = PBXFileReference; fileEncoding = 4; lastKnownFileType = sourcecode.swift; path = VUMeterViewSpec.swift; sourceTree = "<group>"; };
		A075FD591E4F8DA300EE508D /* Tuner.app */ = {isa = PBXFileReference; explicitFileType = wrapper.application; includeInIndex = 0; path = Tuner.app; sourceTree = BUILT_PRODUCTS_DIR; };
		A075FD5C1E4F8DA300EE508D /* AppDelegate.swift */ = {isa = PBXFileReference; lastKnownFileType = sourcecode.swift; path = AppDelegate.swift; sourceTree = "<group>"; };
		A075FD5E1E4F8DA300EE508D /* ViewController.swift */ = {isa = PBXFileReference; lastKnownFileType = sourcecode.swift; path = ViewController.swift; sourceTree = "<group>"; };
		A075FD631E4F8DA300EE508D /* Assets.xcassets */ = {isa = PBXFileReference; lastKnownFileType = folder.assetcatalog; path = Assets.xcassets; sourceTree = "<group>"; };
		A075FD661E4F8DA300EE508D /* Base */ = {isa = PBXFileReference; lastKnownFileType = file.storyboard; name = Base; path = Base.lproj/LaunchScreen.storyboard; sourceTree = "<group>"; };
		A075FD681E4F8DA300EE508D /* Info.plist */ = {isa = PBXFileReference; lastKnownFileType = text.plist.xml; path = Info.plist; sourceTree = "<group>"; };
		A075FD6D1E4F8DA300EE508D /* TunerTests.xctest */ = {isa = PBXFileReference; explicitFileType = wrapper.cfbundle; includeInIndex = 0; path = TunerTests.xctest; sourceTree = BUILT_PRODUCTS_DIR; };
		A075FD731E4F8DA300EE508D /* Info.plist */ = {isa = PBXFileReference; lastKnownFileType = text.plist.xml; path = Info.plist; sourceTree = "<group>"; };
		AEBA92E83430C45699F5D227 /* Pods_Tuner.framework */ = {isa = PBXFileReference; explicitFileType = wrapper.framework; includeInIndex = 0; path = Pods_Tuner.framework; sourceTree = BUILT_PRODUCTS_DIR; };
		BA2483323CDD8E2D8BDA99A9 /* Pods-Tuner.release.xcconfig */ = {isa = PBXFileReference; includeInIndex = 1; lastKnownFileType = text.xcconfig; name = "Pods-Tuner.release.xcconfig"; path = "Pods/Target Support Files/Pods-Tuner/Pods-Tuner.release.xcconfig"; sourceTree = "<group>"; };
		FF7894718B0F0571DB4C1EE3 /* Pods_TunerTests.framework */ = {isa = PBXFileReference; explicitFileType = wrapper.framework; includeInIndex = 0; path = Pods_TunerTests.framework; sourceTree = BUILT_PRODUCTS_DIR; };
/* End PBXFileReference section */

/* Begin PBXFrameworksBuildPhase section */
		A075FD561E4F8DA300EE508D /* Frameworks */ = {
			isa = PBXFrameworksBuildPhase;
			buildActionMask = 2147483647;
			files = (
				A0597DBC1E5B977C005B23DD /* TunerKit.framework in Frameworks */,
				3CCBC77B1968BD962A7B4A6A /* Pods_Tuner.framework in Frameworks */,
			);
			runOnlyForDeploymentPostprocessing = 0;
		};
		A075FD6A1E4F8DA300EE508D /* Frameworks */ = {
			isa = PBXFrameworksBuildPhase;
			buildActionMask = 2147483647;
			files = (
				D9ED708E4DA9C6A5FD9B2034 /* Pods_TunerTests.framework in Frameworks */,
			);
			runOnlyForDeploymentPostprocessing = 0;
		};
/* End PBXFrameworksBuildPhase section */

/* Begin PBXGroup section */
		8CBB844DB2C119D50E29BC2B /* Pods */ = {
			isa = PBXGroup;
			children = (
				15935F64C2E1FDAD6A6039A1 /* Pods-Tuner.debug.xcconfig */,
				BA2483323CDD8E2D8BDA99A9 /* Pods-Tuner.release.xcconfig */,
				49ABF41334D00A40848454CC /* Pods-TunerTests.debug.xcconfig */,
				994E68D0B56BEB93F193C350 /* Pods-TunerTests.release.xcconfig */,
			);
			name = Pods;
			sourceTree = "<group>";
		};
		A075FD501E4F8DA300EE508D = {
			isa = PBXGroup;
			children = (
				A0597DBB1E5B977C005B23DD /* TunerKit.framework */,
				A075FD5B1E4F8DA300EE508D /* Tuner */,
				A075FD701E4F8DA300EE508D /* TunerTests */,
				A075FD5A1E4F8DA300EE508D /* Products */,
				8CBB844DB2C119D50E29BC2B /* Pods */,
				CCF92CB0D6C3E72C51A5B901 /* Frameworks */,
			);
			sourceTree = "<group>";
		};
		A075FD5A1E4F8DA300EE508D /* Products */ = {
			isa = PBXGroup;
			children = (
				A075FD591E4F8DA300EE508D /* Tuner.app */,
				A075FD6D1E4F8DA300EE508D /* TunerTests.xctest */,
			);
			name = Products;
			sourceTree = "<group>";
		};
		A075FD5B1E4F8DA300EE508D /* Tuner */ = {
			isa = PBXGroup;
			children = (
				A075FD5C1E4F8DA300EE508D /* AppDelegate.swift */,
				A075FD5E1E4F8DA300EE508D /* ViewController.swift */,
				A075FD631E4F8DA300EE508D /* Assets.xcassets */,
				A075FD651E4F8DA300EE508D /* LaunchScreen.storyboard */,
				A075FD681E4F8DA300EE508D /* Info.plist */,
				A06FF1191E621F06000B1A71 /* VUMeterView.swift */,
			);
			path = Tuner;
			sourceTree = "<group>";
		};
		A075FD701E4F8DA300EE508D /* TunerTests */ = {
			isa = PBXGroup;
			children = (
				A075FD731E4F8DA300EE508D /* Info.plist */,
				A06FF11B1E647F36000B1A71 /* VUMeterViewSpec.swift */,
			);
			path = TunerTests;
			sourceTree = "<group>";
		};
		CCF92CB0D6C3E72C51A5B901 /* Frameworks */ = {
			isa = PBXGroup;
			children = (
				AEBA92E83430C45699F5D227 /* Pods_Tuner.framework */,
				FF7894718B0F0571DB4C1EE3 /* Pods_TunerTests.framework */,
			);
			name = Frameworks;
			sourceTree = "<group>";
		};
/* End PBXGroup section */

/* Begin PBXNativeTarget section */
		A075FD581E4F8DA300EE508D /* Tuner */ = {
			isa = PBXNativeTarget;
			buildConfigurationList = A075FD761E4F8DA300EE508D /* Build configuration list for PBXNativeTarget "Tuner" */;
			buildPhases = (
				C3D2EDF712FD2D35420F7773 /* [CP] Check Pods Manifest.lock */,
				A05567701E5DB1E4008E20A4 /* ShellScript */,
				A075FD551E4F8DA300EE508D /* Sources */,
				A075FD561E4F8DA300EE508D /* Frameworks */,
				A075FD571E4F8DA300EE508D /* Resources */,
				9C97891AA8AC03DD70F3D9FE /* [CP] Embed Pods Frameworks */,
				E417B12043EC193EAB0AC081 /* [CP] Copy Pods Resources */,
				A0597DBE1E5B977C005B23DD /* Embed Frameworks */,
				A00155641E61F39B008CE16A /* ShellScript */,
			);
			buildRules = (
			);
			dependencies = (
			);
			name = Tuner;
			productName = Tuner;
			productReference = A075FD591E4F8DA300EE508D /* Tuner.app */;
			productType = "com.apple.product-type.application";
		};
		A075FD6C1E4F8DA300EE508D /* TunerTests */ = {
			isa = PBXNativeTarget;
			buildConfigurationList = A075FD791E4F8DA300EE508D /* Build configuration list for PBXNativeTarget "TunerTests" */;
			buildPhases = (
				458ABF14AAF88780501A8C79 /* [CP] Check Pods Manifest.lock */,
				A075FD691E4F8DA300EE508D /* Sources */,
				A075FD6A1E4F8DA300EE508D /* Frameworks */,
				A075FD6B1E4F8DA300EE508D /* Resources */,
				E76BC36C923F9762C519164A /* [CP] Embed Pods Frameworks */,
				4CFC3FE81745FA6CF93FF8E6 /* [CP] Copy Pods Resources */,
			);
			buildRules = (
			);
			dependencies = (
				A075FD6F1E4F8DA300EE508D /* PBXTargetDependency */,
			);
			name = TunerTests;
			productName = TunerTests;
			productReference = A075FD6D1E4F8DA300EE508D /* TunerTests.xctest */;
			productType = "com.apple.product-type.bundle.unit-test";
		};
/* End PBXNativeTarget section */

/* Begin PBXProject section */
		A075FD511E4F8DA300EE508D /* Project object */ = {
			isa = PBXProject;
			attributes = {
				LastSwiftUpdateCheck = 0820;
				LastUpgradeCheck = 0820;
				ORGANIZATIONNAME = "Raphael Cruzeiro";
				TargetAttributes = {
					A075FD581E4F8DA300EE508D = {
						CreatedOnToolsVersion = 8.2.1;
						DevelopmentTeam = 2VX7HKR762;
						ProvisioningStyle = Automatic;
					};
					A075FD6C1E4F8DA300EE508D = {
						CreatedOnToolsVersion = 8.2.1;
						DevelopmentTeam = 7E4DSQQ9E2;
						ProvisioningStyle = Automatic;
						TestTargetID = A075FD581E4F8DA300EE508D;
					};
				};
			};
			buildConfigurationList = A075FD541E4F8DA300EE508D /* Build configuration list for PBXProject "Tuner" */;
			compatibilityVersion = "Xcode 3.2";
			developmentRegion = English;
			hasScannedForEncodings = 0;
			knownRegions = (
				en,
				Base,
			);
			mainGroup = A075FD501E4F8DA300EE508D;
			productRefGroup = A075FD5A1E4F8DA300EE508D /* Products */;
			projectDirPath = "";
			projectRoot = "";
			targets = (
				A075FD581E4F8DA300EE508D /* Tuner */,
				A075FD6C1E4F8DA300EE508D /* TunerTests */,
			);
		};
/* End PBXProject section */

/* Begin PBXResourcesBuildPhase section */
		A075FD571E4F8DA300EE508D /* Resources */ = {
			isa = PBXResourcesBuildPhase;
			buildActionMask = 2147483647;
			files = (
				A075FD671E4F8DA300EE508D /* LaunchScreen.storyboard in Resources */,
				A075FD641E4F8DA300EE508D /* Assets.xcassets in Resources */,
			);
			runOnlyForDeploymentPostprocessing = 0;
		};
		A075FD6B1E4F8DA300EE508D /* Resources */ = {
			isa = PBXResourcesBuildPhase;
			buildActionMask = 2147483647;
			files = (
			);
			runOnlyForDeploymentPostprocessing = 0;
		};
/* End PBXResourcesBuildPhase section */

/* Begin PBXShellScriptBuildPhase section */
		458ABF14AAF88780501A8C79 /* [CP] Check Pods Manifest.lock */ = {
			isa = PBXShellScriptBuildPhase;
			buildActionMask = 2147483647;
			files = (
			);
			inputPaths = (
			);
			name = "[CP] Check Pods Manifest.lock";
			outputPaths = (
			);
			runOnlyForDeploymentPostprocessing = 0;
			shellPath = /bin/sh;
			shellScript = "diff \"${PODS_ROOT}/../Podfile.lock\" \"${PODS_ROOT}/Manifest.lock\" > /dev/null\nif [ $? != 0 ] ; then\n    # print error to STDERR\n    echo \"error: The sandbox is not in sync with the Podfile.lock. Run 'pod install' or update your CocoaPods installation.\" >&2\n    exit 1\nfi\n";
			showEnvVarsInLog = 0;
		};
		4CFC3FE81745FA6CF93FF8E6 /* [CP] Copy Pods Resources */ = {
			isa = PBXShellScriptBuildPhase;
			buildActionMask = 2147483647;
			files = (
			);
			inputPaths = (
			);
			name = "[CP] Copy Pods Resources";
			outputPaths = (
			);
			runOnlyForDeploymentPostprocessing = 0;
			shellPath = /bin/sh;
			shellScript = "\"${SRCROOT}/Pods/Target Support Files/Pods-TunerTests/Pods-TunerTests-resources.sh\"\n";
			showEnvVarsInLog = 0;
		};
		9C97891AA8AC03DD70F3D9FE /* [CP] Embed Pods Frameworks */ = {
			isa = PBXShellScriptBuildPhase;
			buildActionMask = 2147483647;
			files = (
			);
			inputPaths = (
			);
			name = "[CP] Embed Pods Frameworks";
			outputPaths = (
			);
			runOnlyForDeploymentPostprocessing = 0;
			shellPath = /bin/sh;
			shellScript = "\"${SRCROOT}/Pods/Target Support Files/Pods-Tuner/Pods-Tuner-frameworks.sh\"\n";
			showEnvVarsInLog = 0;
		};
		A00155641E61F39B008CE16A /* ShellScript */ = {
			isa = PBXShellScriptBuildPhase;
			buildActionMask = 2147483647;
			files = (
			);
			inputPaths = (
			);
			outputPaths = (
			);
			runOnlyForDeploymentPostprocessing = 0;
			shellPath = /bin/sh;
			shellScript = "\"${PODS_ROOT}/Fabric/run\" 6bab27248dbcf10bd0ddf1fb604c186dd0f791c2 4a35f96d3d95f9a8f93a64a9438d41e1f8c376adfda18e7596469ad4b3b43aae";
		};
		A05567701E5DB1E4008E20A4 /* ShellScript */ = {
			isa = PBXShellScriptBuildPhase;
			buildActionMask = 2147483647;
			files = (
			);
			inputPaths = (
			);
			outputPaths = (
			);
			runOnlyForDeploymentPostprocessing = 0;
			shellPath = /bin/sh;
			shellScript = "if which swiftlint >/dev/null; then\nswiftlint\nelse\necho \"warning: SwiftLint not installed, download from https://github.com/realm/SwiftLint\"\nfi";
		};
		C3D2EDF712FD2D35420F7773 /* [CP] Check Pods Manifest.lock */ = {
			isa = PBXShellScriptBuildPhase;
			buildActionMask = 2147483647;
			files = (
			);
			inputPaths = (
			);
			name = "[CP] Check Pods Manifest.lock";
			outputPaths = (
			);
			runOnlyForDeploymentPostprocessing = 0;
			shellPath = /bin/sh;
			shellScript = "diff \"${PODS_ROOT}/../Podfile.lock\" \"${PODS_ROOT}/Manifest.lock\" > /dev/null\nif [ $? != 0 ] ; then\n    # print error to STDERR\n    echo \"error: The sandbox is not in sync with the Podfile.lock. Run 'pod install' or update your CocoaPods installation.\" >&2\n    exit 1\nfi\n";
			showEnvVarsInLog = 0;
		};
		E417B12043EC193EAB0AC081 /* [CP] Copy Pods Resources */ = {
			isa = PBXShellScriptBuildPhase;
			buildActionMask = 2147483647;
			files = (
			);
			inputPaths = (
			);
			name = "[CP] Copy Pods Resources";
			outputPaths = (
			);
			runOnlyForDeploymentPostprocessing = 0;
			shellPath = /bin/sh;
			shellScript = "\"${SRCROOT}/Pods/Target Support Files/Pods-Tuner/Pods-Tuner-resources.sh\"\n";
			showEnvVarsInLog = 0;
		};
		E76BC36C923F9762C519164A /* [CP] Embed Pods Frameworks */ = {
			isa = PBXShellScriptBuildPhase;
			buildActionMask = 2147483647;
			files = (
			);
			inputPaths = (
			);
			name = "[CP] Embed Pods Frameworks";
			outputPaths = (
			);
			runOnlyForDeploymentPostprocessing = 0;
			shellPath = /bin/sh;
			shellScript = "\"${SRCROOT}/Pods/Target Support Files/Pods-TunerTests/Pods-TunerTests-frameworks.sh\"\n";
			showEnvVarsInLog = 0;
		};
/* End PBXShellScriptBuildPhase section */

/* Begin PBXSourcesBuildPhase section */
		A075FD551E4F8DA300EE508D /* Sources */ = {
			isa = PBXSourcesBuildPhase;
			buildActionMask = 2147483647;
			files = (
				A06FF11A1E621F06000B1A71 /* VUMeterView.swift in Sources */,
				A075FD5F1E4F8DA300EE508D /* ViewController.swift in Sources */,
				A075FD5D1E4F8DA300EE508D /* AppDelegate.swift in Sources */,
			);
			runOnlyForDeploymentPostprocessing = 0;
		};
		A075FD691E4F8DA300EE508D /* Sources */ = {
			isa = PBXSourcesBuildPhase;
			buildActionMask = 2147483647;
			files = (
				A06FF11C1E647F36000B1A71 /* VUMeterViewSpec.swift in Sources */,
			);
			runOnlyForDeploymentPostprocessing = 0;
		};
/* End PBXSourcesBuildPhase section */

/* Begin PBXTargetDependency section */
		A075FD6F1E4F8DA300EE508D /* PBXTargetDependency */ = {
			isa = PBXTargetDependency;
			target = A075FD581E4F8DA300EE508D /* Tuner */;
			targetProxy = A075FD6E1E4F8DA300EE508D /* PBXContainerItemProxy */;
		};
/* End PBXTargetDependency section */

/* Begin PBXVariantGroup section */
		A075FD651E4F8DA300EE508D /* LaunchScreen.storyboard */ = {
			isa = PBXVariantGroup;
			children = (
				A075FD661E4F8DA300EE508D /* Base */,
			);
			name = LaunchScreen.storyboard;
			sourceTree = "<group>";
		};
/* End PBXVariantGroup section */

/* Begin XCBuildConfiguration section */
		A075FD741E4F8DA300EE508D /* Debug */ = {
			isa = XCBuildConfiguration;
			buildSettings = {
				ALWAYS_SEARCH_USER_PATHS = NO;
				CLANG_ANALYZER_NONNULL = YES;
				CLANG_CXX_LANGUAGE_STANDARD = "gnu++0x";
				CLANG_CXX_LIBRARY = "libc++";
				CLANG_ENABLE_MODULES = YES;
				CLANG_ENABLE_OBJC_ARC = YES;
				CLANG_WARN_BOOL_CONVERSION = YES;
				CLANG_WARN_CONSTANT_CONVERSION = YES;
				CLANG_WARN_DIRECT_OBJC_ISA_USAGE = YES_ERROR;
				CLANG_WARN_DOCUMENTATION_COMMENTS = YES;
				CLANG_WARN_EMPTY_BODY = YES;
				CLANG_WARN_ENUM_CONVERSION = YES;
				CLANG_WARN_INFINITE_RECURSION = YES;
				CLANG_WARN_INT_CONVERSION = YES;
				CLANG_WARN_OBJC_ROOT_CLASS = YES_ERROR;
				CLANG_WARN_SUSPICIOUS_MOVE = YES;
				CLANG_WARN_UNREACHABLE_CODE = YES;
				CLANG_WARN__DUPLICATE_METHOD_MATCH = YES;
				"CODE_SIGN_IDENTITY[sdk=iphoneos*]" = "iPhone Developer";
				COPY_PHASE_STRIP = NO;
				DEBUG_INFORMATION_FORMAT = dwarf;
				ENABLE_STRICT_OBJC_MSGSEND = YES;
				ENABLE_TESTABILITY = YES;
				GCC_C_LANGUAGE_STANDARD = gnu99;
				GCC_DYNAMIC_NO_PIC = NO;
				GCC_NO_COMMON_BLOCKS = YES;
				GCC_OPTIMIZATION_LEVEL = 0;
				GCC_PREPROCESSOR_DEFINITIONS = (
					"DEBUG=1",
					"$(inherited)",
				);
				GCC_WARN_64_TO_32_BIT_CONVERSION = YES;
				GCC_WARN_ABOUT_RETURN_TYPE = YES_ERROR;
				GCC_WARN_UNDECLARED_SELECTOR = YES;
				GCC_WARN_UNINITIALIZED_AUTOS = YES_AGGRESSIVE;
				GCC_WARN_UNUSED_FUNCTION = YES;
				GCC_WARN_UNUSED_VARIABLE = YES;
				IPHONEOS_DEPLOYMENT_TARGET = 10.2;
				MTL_ENABLE_DEBUG_INFO = YES;
				ONLY_ACTIVE_ARCH = YES;
				SDKROOT = iphoneos;
				SWIFT_ACTIVE_COMPILATION_CONDITIONS = DEBUG;
				SWIFT_OPTIMIZATION_LEVEL = "-Onone";
				TARGETED_DEVICE_FAMILY = "1,2";
			};
			name = Debug;
		};
		A075FD751E4F8DA300EE508D /* Release */ = {
			isa = XCBuildConfiguration;
			buildSettings = {
				ALWAYS_SEARCH_USER_PATHS = NO;
				CLANG_ANALYZER_NONNULL = YES;
				CLANG_CXX_LANGUAGE_STANDARD = "gnu++0x";
				CLANG_CXX_LIBRARY = "libc++";
				CLANG_ENABLE_MODULES = YES;
				CLANG_ENABLE_OBJC_ARC = YES;
				CLANG_WARN_BOOL_CONVERSION = YES;
				CLANG_WARN_CONSTANT_CONVERSION = YES;
				CLANG_WARN_DIRECT_OBJC_ISA_USAGE = YES_ERROR;
				CLANG_WARN_DOCUMENTATION_COMMENTS = YES;
				CLANG_WARN_EMPTY_BODY = YES;
				CLANG_WARN_ENUM_CONVERSION = YES;
				CLANG_WARN_INFINITE_RECURSION = YES;
				CLANG_WARN_INT_CONVERSION = YES;
				CLANG_WARN_OBJC_ROOT_CLASS = YES_ERROR;
				CLANG_WARN_SUSPICIOUS_MOVE = YES;
				CLANG_WARN_UNREACHABLE_CODE = YES;
				CLANG_WARN__DUPLICATE_METHOD_MATCH = YES;
				"CODE_SIGN_IDENTITY[sdk=iphoneos*]" = "iPhone Developer";
				COPY_PHASE_STRIP = NO;
				DEBUG_INFORMATION_FORMAT = "dwarf-with-dsym";
				ENABLE_NS_ASSERTIONS = NO;
				ENABLE_STRICT_OBJC_MSGSEND = YES;
				GCC_C_LANGUAGE_STANDARD = gnu99;
				GCC_NO_COMMON_BLOCKS = YES;
				GCC_WARN_64_TO_32_BIT_CONVERSION = YES;
				GCC_WARN_ABOUT_RETURN_TYPE = YES_ERROR;
				GCC_WARN_UNDECLARED_SELECTOR = YES;
				GCC_WARN_UNINITIALIZED_AUTOS = YES_AGGRESSIVE;
				GCC_WARN_UNUSED_FUNCTION = YES;
				GCC_WARN_UNUSED_VARIABLE = YES;
				IPHONEOS_DEPLOYMENT_TARGET = 10.2;
				MTL_ENABLE_DEBUG_INFO = NO;
				SDKROOT = iphoneos;
				SWIFT_OPTIMIZATION_LEVEL = "-Owholemodule";
				TARGETED_DEVICE_FAMILY = "1,2";
				VALIDATE_PRODUCT = YES;
			};
			name = Release;
		};
		A075FD771E4F8DA300EE508D /* Debug */ = {
			isa = XCBuildConfiguration;
			baseConfigurationReference = 15935F64C2E1FDAD6A6039A1 /* Pods-Tuner.debug.xcconfig */;
			buildSettings = {
				ASSETCATALOG_COMPILER_APPICON_NAME = AppIcon;
				DEVELOPMENT_TEAM = 2VX7HKR762;
				INFOPLIST_FILE = Tuner/Info.plist;
				LD_RUNPATH_SEARCH_PATHS = "$(inherited) @executable_path/Frameworks";
				PRODUCT_BUNDLE_IDENTIFIER = com.raphaelcruzeiro.Tuner;
				PRODUCT_NAME = "$(TARGET_NAME)";
				SWIFT_VERSION = 3.0;
			};
			name = Debug;
		};
		A075FD781E4F8DA300EE508D /* Release */ = {
			isa = XCBuildConfiguration;
			baseConfigurationReference = BA2483323CDD8E2D8BDA99A9 /* Pods-Tuner.release.xcconfig */;
			buildSettings = {
				ASSETCATALOG_COMPILER_APPICON_NAME = AppIcon;
				DEVELOPMENT_TEAM = 2VX7HKR762;
				INFOPLIST_FILE = Tuner/Info.plist;
				LD_RUNPATH_SEARCH_PATHS = "$(inherited) @executable_path/Frameworks";
				PRODUCT_BUNDLE_IDENTIFIER = com.raphaelcruzeiro.Tuner;
				PRODUCT_NAME = "$(TARGET_NAME)";
				SWIFT_VERSION = 3.0;
			};
			name = Release;
		};
		A075FD7A1E4F8DA300EE508D /* Debug */ = {
			isa = XCBuildConfiguration;
			baseConfigurationReference = 49ABF41334D00A40848454CC /* Pods-TunerTests.debug.xcconfig */;
			buildSettings = {
				ALWAYS_EMBED_SWIFT_STANDARD_LIBRARIES = YES;
				BUNDLE_LOADER = "$(TEST_HOST)";
				DEVELOPMENT_TEAM = 7E4DSQQ9E2;
				INFOPLIST_FILE = TunerTests/Info.plist;
				LD_RUNPATH_SEARCH_PATHS = "$(inherited) @executable_path/Frameworks @loader_path/Frameworks";
				PRODUCT_BUNDLE_IDENTIFIER = com.raphaelcruzeiro.TunerTests;
				PRODUCT_NAME = "$(TARGET_NAME)";
				SWIFT_VERSION = 3.0;
				TEST_HOST = "$(BUILT_PRODUCTS_DIR)/Tuner.app/Tuner";
			};
			name = Debug;
		};
		A075FD7B1E4F8DA300EE508D /* Release */ = {
			isa = XCBuildConfiguration;
			baseConfigurationReference = 994E68D0B56BEB93F193C350 /* Pods-TunerTests.release.xcconfig */;
			buildSettings = {
				ALWAYS_EMBED_SWIFT_STANDARD_LIBRARIES = YES;
				BUNDLE_LOADER = "$(TEST_HOST)";
				DEVELOPMENT_TEAM = 7E4DSQQ9E2;
				INFOPLIST_FILE = TunerTests/Info.plist;
				LD_RUNPATH_SEARCH_PATHS = "$(inherited) @executable_path/Frameworks @loader_path/Frameworks";
				PRODUCT_BUNDLE_IDENTIFIER = com.raphaelcruzeiro.TunerTests;
				PRODUCT_NAME = "$(TARGET_NAME)";
				SWIFT_VERSION = 3.0;
				TEST_HOST = "$(BUILT_PRODUCTS_DIR)/Tuner.app/Tuner";
			};
			name = Release;
		};
/* End XCBuildConfiguration section */

/* Begin XCConfigurationList section */
		A075FD541E4F8DA300EE508D /* Build configuration list for PBXProject "Tuner" */ = {
			isa = XCConfigurationList;
			buildConfigurations = (
				A075FD741E4F8DA300EE508D /* Debug */,
				A075FD751E4F8DA300EE508D /* Release */,
			);
			defaultConfigurationIsVisible = 0;
			defaultConfigurationName = Release;
		};
		A075FD761E4F8DA300EE508D /* Build configuration list for PBXNativeTarget "Tuner" */ = {
			isa = XCConfigurationList;
			buildConfigurations = (
				A075FD771E4F8DA300EE508D /* Debug */,
				A075FD781E4F8DA300EE508D /* Release */,
			);
			defaultConfigurationIsVisible = 0;
			defaultConfigurationName = Release;
		};
		A075FD791E4F8DA300EE508D /* Build configuration list for PBXNativeTarget "TunerTests" */ = {
			isa = XCConfigurationList;
			buildConfigurations = (
				A075FD7A1E4F8DA300EE508D /* Debug */,
				A075FD7B1E4F8DA300EE508D /* Release */,
			);
			defaultConfigurationIsVisible = 0;
			defaultConfigurationName = Release;
		};
/* End XCConfigurationList section */
	};
	rootObject = A075FD511E4F8DA300EE508D /* Project object */;
}
