PODS:
  - AudioKit (3.5.3)
  - Cartography (1.0.1)
  - Nimble (6.0.1)
  - Quick (1.1.0)

DEPENDENCIES:
  - AudioKit
  - Cartography
  - Nimble
  - Quick

SPEC CHECKSUMS:
  AudioKit: bf2ebc611bb9b8107dcbe14f8356c761ee8fcc12
  Cartography: c1460e99395b824d9d75360b0382faeb0b33dcd7
  Nimble: 1527fd1bd2b4cf0636251a36bc8ab37e81da8347
  Quick: dafc587e21eed9f4cab3249b9f9015b0b7a7f71d

PODFILE CHECKSUM: 7f0930ff6b4538f2bc983ec70af4e425825485cd

COCOAPODS: 1.2.0
